
Microsoft Visual Studio Solution File, Format Version 12.00
# Visual Studio 2013
VisualStudioVersion = 12.0.31101.0
MinimumVisualStudioVersion = 10.0.40219.1
Project("{2150E333-8FDC-42A3-9474-1A3956D46DE8}") = "Engine", "Engine", "{68C5A2F8-79BE-44CC-9B05-96E551B72FFD}"
EndProject
Project("{2150E333-8FDC-42A3-9474-1A3956D46DE8}") = "Games", "Games", "{63BCA027-165A-4898-89BA-DDC9804A6754}"
EndProject
Project("{8BC9CEB8-8B4A-11D0-8D11-00A0C91BC942}") = "HuntMeIfYouCan", "Intermediate\ProjectFiles\HuntMeIfYouCan.vcxproj", "{C4CBF0A9-60CF-4DF6-8F73-9A8DEE68D78E}"
EndProject
Project("{8BC9CEB8-8B4A-11D0-8D11-00A0C91BC942}") = "UE4", "Intermediate\ProjectFiles\UE4.vcxproj", "{70DBEE5F-A29F-481B-BF2D-46DBDF33E008}"
EndProject
Global
	GlobalSection(SolutionConfigurationPlatforms) = preSolution
		DebugGame Editor|Windows = DebugGame Editor|Windows
		DebugGame|Windows = DebugGame|Windows
		Development Editor|Windows = Development Editor|Windows
		Development|Windows = Development|Windows
		Shipping|Windows = Shipping|Windows
	EndGlobalSection
	GlobalSection(ProjectConfigurationPlatforms) = postSolution
		{C4CBF0A9-60CF-4DF6-8F73-9A8DEE68D78E}.DebugGame Editor|Windows.ActiveCfg = DebugGame_Editor|x64
		{C4CBF0A9-60CF-4DF6-8F73-9A8DEE68D78E}.DebugGame Editor|Windows.Build.0 = DebugGame_Editor|x64
		{C4CBF0A9-60CF-4DF6-8F73-9A8DEE68D78E}.DebugGame|Windows.ActiveCfg = DebugGame_Game|x64
		{C4CBF0A9-60CF-4DF6-8F73-9A8DEE68D78E}.DebugGame|Windows.Build.0 = DebugGame_Game|x64
		{C4CBF0A9-60CF-4DF6-8F73-9A8DEE68D78E}.Development Editor|Windows.ActiveCfg = Development_Editor|x64
		{C4CBF0A9-60CF-4DF6-8F73-9A8DEE68D78E}.Development Editor|Windows.Build.0 = Development_Editor|x64
		{C4CBF0A9-60CF-4DF6-8F73-9A8DEE68D78E}.Development|Windows.ActiveCfg = Development_Game|x64
		{C4CBF0A9-60CF-4DF6-8F73-9A8DEE68D78E}.Development|Windows.Build.0 = Development_Game|x64
		{C4CBF0A9-60CF-4DF6-8F73-9A8DEE68D78E}.Shipping|Windows.ActiveCfg = Shipping_Game|Win32
		{C4CBF0A9-60CF-4DF6-8F73-9A8DEE68D78E}.Shipping|Windows.Build.0 = Shipping_Game|Win32
		{70DBEE5F-A29F-481B-BF2D-46DBDF33E008}.DebugGame Editor|Windows.ActiveCfg = BuiltWithUnrealBuildTool|Win32
		{70DBEE5F-A29F-481B-BF2D-46DBDF33E008}.DebugGame|Windows.ActiveCfg = BuiltWithUnrealBuildTool|Win32
		{70DBEE5F-A29F-481B-BF2D-46DBDF33E008}.Development Editor|Windows.ActiveCfg = BuiltWithUnrealBuildTool|Win32
		{70DBEE5F-A29F-481B-BF2D-46DBDF33E008}.Development|Windows.ActiveCfg = BuiltWithUnrealBuildTool|Win32
		{70DBEE5F-A29F-481B-BF2D-46DBDF33E008}.Shipping|Windows.ActiveCfg = BuiltWithUnrealBuildTool|Win32
	EndGlobalSection
	GlobalSection(SolutionProperties) = preSolution
		HideSolutionNode = FALSE
	EndGlobalSection
	GlobalSection(NestedProjects) = preSolution
		{C4CBF0A9-60CF-4DF6-8F73-9A8DEE68D78E} = {63BCA027-165A-4898-89BA-DDC9804A6754}
		{70DBEE5F-A29F-481B-BF2D-46DBDF33E008} = {68C5A2F8-79BE-44CC-9B05-96E551B72FFD}
	EndGlobalSection
EndGlobal
